
Microsoft Visual Studio Solution File, Format Version 12.00
# Visual Studio Version 17
VisualStudioVersion = 17.7.34202.233
MinimumVisualStudioVersion = 10.0.40219.1
Project("{9A19103F-16F7-4668-BE54-9A1E7A4F7556}") = "Application_for_the_Client", "Application_for_the_Client\Application_for_the_Client.csproj", "{6A8DB79C-1A78-475B-AD57-FAA362DA298F}"
EndProject
Project("{9A19103F-16F7-4668-BE54-9A1E7A4F7556}") = "Application_for_the_Administrator", "Application_for_the_Administrator\Application_for_the_Administrator.csproj", "{9B0E07A0-DBB6-4578-925B-FD9B53CB5A29}"
EndProject
Project("{9A19103F-16F7-4668-BE54-9A1E7A4F7556}") = "Application_for_the_TopAdministrator", "Application_for_the_TopAdministrator\Application_for_the_TopAdministrator.csproj", "{88D1364E-EB8E-429F-AC90-4A006D6BEE9C}"
EndProject
Global
	GlobalSection(SolutionConfigurationPlatforms) = preSolution
		Debug|Any CPU = Debug|Any CPU
		Release|Any CPU = Release|Any CPU
	EndGlobalSection
	GlobalSection(ProjectConfigurationPlatforms) = postSolution
		{6A8DB79C-1A78-475B-AD57-FAA362DA298F}.Debug|Any CPU.ActiveCfg = Debug|Any CPU
		{6A8DB79C-1A78-475B-AD57-FAA362DA298F}.Debug|Any CPU.Build.0 = Debug|Any CPU
		{6A8DB79C-1A78-475B-AD57-FAA362DA298F}.Release|Any CPU.ActiveCfg = Release|Any CPU
		{6A8DB79C-1A78-475B-AD57-FAA362DA298F}.Release|Any CPU.Build.0 = Release|Any CPU
		{9B0E07A0-DBB6-4578-925B-FD9B53CB5A29}.Debug|Any CPU.ActiveCfg = Debug|Any CPU
		{9B0E07A0-DBB6-4578-925B-FD9B53CB5A29}.Debug|Any CPU.Build.0 = Debug|Any CPU
		{9B0E07A0-DBB6-4578-925B-FD9B53CB5A29}.Release|Any CPU.ActiveCfg = Release|Any CPU
		{9B0E07A0-DBB6-4578-925B-FD9B53CB5A29}.Release|Any CPU.Build.0 = Release|Any CPU
		{88D1364E-EB8E-429F-AC90-4A006D6BEE9C}.Debug|Any CPU.ActiveCfg = Debug|Any CPU
		{88D1364E-EB8E-429F-AC90-4A006D6BEE9C}.Debug|Any CPU.Build.0 = Debug|Any CPU
		{88D1364E-EB8E-429F-AC90-4A006D6BEE9C}.Release|Any CPU.ActiveCfg = Release|Any CPU
		{88D1364E-EB8E-429F-AC90-4A006D6BEE9C}.Release|Any CPU.Build.0 = Release|Any CPU
	EndGlobalSection
	GlobalSection(SolutionProperties) = preSolution
		HideSolutionNode = FALSE
	EndGlobalSection
	GlobalSection(ExtensibilityGlobals) = postSolution
		SolutionGuid = {450840EC-182B-43B7-98E2-78DBFFB8A571}
	EndGlobalSection
EndGlobal
